
Microsoft Visual Studio Solution File, Format Version 12.00
# Visual Studio Version 16
VisualStudioVersion = 16.0.33027.164
MinimumVisualStudioVersion = 10.0.40219.1
Project("{FAE04EC0-301F-11D3-BF4B-00C04F79EFBC}") = "tipDonusumleri", "tipDonusumleri\tipDonusumleri.csproj", "{BFF3ACBB-E0D0-483C-8240-0D56C87D72B2}"
EndProject
Global
	GlobalSection(SolutionConfigurationPlatforms) = preSolution
		Debug|Any CPU = Debug|Any CPU
		Release|Any CPU = Release|Any CPU
	EndGlobalSection
	GlobalSection(ProjectConfigurationPlatforms) = postSolution
		{BFF3ACBB-E0D0-483C-8240-0D56C87D72B2}.Debug|Any CPU.ActiveCfg = Debug|Any CPU
		{BFF3ACBB-E0D0-483C-8240-0D56C87D72B2}.Debug|Any CPU.Build.0 = Debug|Any CPU
		{BFF3ACBB-E0D0-483C-8240-0D56C87D72B2}.Release|Any CPU.ActiveCfg = Release|Any CPU
		{BFF3ACBB-E0D0-483C-8240-0D56C87D72B2}.Release|Any CPU.Build.0 = Release|Any CPU
	EndGlobalSection
	GlobalSection(SolutionProperties) = preSolution
		HideSolutionNode = FALSE
	EndGlobalSection
	GlobalSection(ExtensibilityGlobals) = postSolution
		SolutionGuid = {4922D7B3-8978-462C-B1BA-CDD6CF5EE029}
	EndGlobalSection
EndGlobal
